# THIS IS AN AUTOGENERATED FILE. DO NOT EDIT THIS FILE DIRECTLY.
# yarn lockfile v1


"@types/node@^8.10.25":
  version "8.10.39"
  resolved "https://registry.yarnpkg.com/@types/node/-/node-8.10.39.tgz#e7e87ad00364dd7bc485c940926345b8ec1a26ca"
  integrity sha512-rE7fktr02J8ybFf6eysife+WF+L4sAHWzw09DgdCebEu+qDwMvv4zl6Bc+825ttGZP73kCKxa3dhJOoGJ8+5mA==
